Microsoft Visual Studio Solution File, Format Version 12.00
# Visual Studio 15
VisualStudioVersion = 15.0.28307.421
MinimumVisualStudioVersion = 10.0.40219.1
Project("{2150E333-8FDC-42A3-9474-1A3956D46DE8}") = "Project", "Project", "{161E5209-B3AA-4E57-8493-081E0640D85E}"
EndProject
Project("{2150E333-8FDC-42A3-9474-1A3956D46DE8}") = "Feature", "Feature", "{BD543A8D-9B45-48EC-A157-C58E062B11E0}"
EndProject
Project("{2150E333-8FDC-42A3-9474-1A3956D46DE8}") = "Foundation", "Foundation", "{0B2E773C-5731-4FEC-90DC-33B30FC8B607}"
EndProject
Project("{2150E333-8FDC-42A3-9474-1A3956D46DE8}") = "Configuration", "Configuration", "{269D452F-F1AF-455C-9929-B72DAF986337}"
	ProjectSection(SolutionItems) = preProject
		build.cake = build.cake
		cake-config.json = cake-config.json
		nuget.config = nuget.config
	EndProjectSection
EndProject
Project("{2150E333-8FDC-42A3-9474-1A3956D46DE8}") = "DI", "DI", "{7A3E8A43-1E1A-4604-BDB3-A0969DCF0633}"
EndProject
Project("{FAE04EC0-301F-11D3-BF4B-00C04F79EFBC}") = "Mirabeau.Foundation.DI", "src\Foundation\DI\code\Mirabeau.Foundation.DI.csproj", "{FA1EEE78-E6D6-4B63-A126-5F470624EFEE}"
EndProject
Project("{2150E333-8FDC-42A3-9474-1A3956D46DE8}") = "Extensions", "Extensions", "{4200ED27-6B04-452B-B83A-F17E40010947}"
EndProject
Project("{FAE04EC0-301F-11D3-BF4B-00C04F79EFBC}") = "Mirabeau.Foundation.Extensions", "src\Foundation\Extensions\code\Mirabeau.Foundation.Extensions.csproj", "{AB079BC5-B325-4EFD-BD5A-403CC9E3C9B6}"
EndProject
Project("{2150E333-8FDC-42A3-9474-1A3956D46DE8}") = "Indexing", "Indexing", "{3E338DCF-B407-4693-96EB-561C4221E035}"
EndProject
Project("{FAE04EC0-301F-11D3-BF4B-00C04F79EFBC}") = "Mirabeau.Foundation.Indexing", "src\Foundation\Indexing\code\Mirabeau.Foundation.Indexing.csproj", "{564742F9-87D5-403E-9755-9ACC7588C3DC}"
EndProject
Project("{2150E333-8FDC-42A3-9474-1A3956D46DE8}") = "Serialization", "Serialization", "{CCE42B3A-F017-4C1F-88B8-FA16917E528B}"
EndProject
Project("{FAE04EC0-301F-11D3-BF4B-00C04F79EFBC}") = "Mirabeau.Foundation.Serialization", "src\Foundation\Serialization\code\Mirabeau.Foundation.Serialization.csproj", "{6C2FC3AC-D6E2-4AC8-84F6-B04B194668EA}"
EndProject
Project("{2150E333-8FDC-42A3-9474-1A3956D46DE8}") = "Articles", "Articles", "{E068765A-F0B8-489E-92C8-E3763A9C1C4D}"
EndProject
Project("{FAE04EC0-301F-11D3-BF4B-00C04F79EFBC}") = "Mirabeau.Feature.Articles", "src\Feature\Articles\code\Mirabeau.Feature.Articles.csproj", "{7869A00B-99FA-4AB1-BF70-BB3DB965DC32}"
EndProject
Project("{2150E333-8FDC-42A3-9474-1A3956D46DE8}") = "Metadaa", "Metadaa", "{0B7747FA-73ED-496C-870A-A2C0FA5EEEB1}"
EndProject
Project("{FAE04EC0-301F-11D3-BF4B-00C04F79EFBC}") = "Mirabeau.Feature.Metadaa", "src\Feature\Metadaa\code\Mirabeau.Feature.Metadaa.csproj", "{2037C393-AC22-4F99-9232-D3969F7B8A67}"
EndProject
Project("{2150E333-8FDC-42A3-9474-1A3956D46DE8}") = "Metadata", "Metadata", "{1554F789-2D83-4422-9459-BD9AE724315A}"
EndProject
Project("{FAE04EC0-301F-11D3-BF4B-00C04F79EFBC}") = "Mirabeau.Feature.Metadata", "src\Feature\Metadata\code\Mirabeau.Feature.Metadata.csproj", "{2683AB79-1BB6-4461-A392-41C2D0DA8848}"
EndProject
Project("{2150E333-8FDC-42A3-9474-1A3956D46DE8}") = "Navigation", "Navigation", "{ABDF67F3-EAEB-43F7-A539-3F676B948E2A}"
EndProject
Project("{FAE04EC0-301F-11D3-BF4B-00C04F79EFBC}") = "Mirabeau.Feature.Navigation", "src\Feature\Navigation\code\Mirabeau.Feature.Navigation.csproj", "{36653DAE-34A5-4A98-AD08-36630B1F1D92}"
EndProject
Project("{2150E333-8FDC-42A3-9474-1A3956D46DE8}") = "Search", "Search", "{8D2FD687-527B-48F7-9ABD-AB2E22CD1DD7}"
EndProject
Project("{FAE04EC0-301F-11D3-BF4B-00C04F79EFBC}") = "Mirabeau.Feature.Search", "src\Feature\Search\code\Mirabeau.Feature.Search.csproj", "{CF130610-BF80-483E-8CA4-FF93732B0E2B}"
EndProject
Project("{2150E333-8FDC-42A3-9474-1A3956D46DE8}") = "Common", "Common", "{6843E0FE-7E9A-4F3B-9D7E-6CFEB7DC8EFB}"
EndProject
Project("{FAE04EC0-301F-11D3-BF4B-00C04F79EFBC}") = "AXA.Project.Common", "src\Project\Common\code\AXA.Project.Common.csproj", "{6E08B093-7450-42A1-B771-40B4FDB7C807}"
EndProject
Project("{2150E333-8FDC-42A3-9474-1A3956D46DE8}") = "EmployeeBenefits", "EmployeeBenefits", "{83212AF7-EE84-457B-BE60-6EBC93B375EE}"
EndProject
Project("{FAE04EC0-301F-11D3-BF4B-00C04F79EFBC}") = "AXA.Project.EmployeeBenefits", "src\Project\EmployeeBenefits\code\AXA.Project.EmployeeBenefits.csproj", "{E956FBE4-82DE-4A59-8E75-C4E581F410CD}"
EndProject
Global
	GlobalSection(SolutionConfigurationPlatforms) = preSolution
		Debug|Any CPU = Debug|Any CPU
		Release|Any CPU = Release|Any CPU
		TDS|Any CPU = TDS|Any CPU
	EndGlobalSection
	GlobalSection(ProjectConfigurationPlatforms) = postSolution
		{FA1EEE78-E6D6-4B63-A126-5F470624EFEE}.Debug|Any CPU.ActiveCfg = Debug|Any CPU
		{FA1EEE78-E6D6-4B63-A126-5F470624EFEE}.Debug|Any CPU.Build.0 = Debug|Any CPU
		{FA1EEE78-E6D6-4B63-A126-5F470624EFEE}.Release|Any CPU.ActiveCfg = Release|Any CPU
		{FA1EEE78-E6D6-4B63-A126-5F470624EFEE}.Release|Any CPU.Build.0 = Release|Any CPU
		{FA1EEE78-E6D6-4B63-A126-5F470624EFEE}.TDS|Any CPU.ActiveCfg = TDS|Any CPU
		{FA1EEE78-E6D6-4B63-A126-5F470624EFEE}.TDS|Any CPU.Build.0 = TDS|Any CPU
		{AB079BC5-B325-4EFD-BD5A-403CC9E3C9B6}.Debug|Any CPU.ActiveCfg = Debug|Any CPU
		{AB079BC5-B325-4EFD-BD5A-403CC9E3C9B6}.Debug|Any CPU.Build.0 = Debug|Any CPU
		{AB079BC5-B325-4EFD-BD5A-403CC9E3C9B6}.Release|Any CPU.ActiveCfg = Release|Any CPU
		{AB079BC5-B325-4EFD-BD5A-403CC9E3C9B6}.Release|Any CPU.Build.0 = Release|Any CPU
		{AB079BC5-B325-4EFD-BD5A-403CC9E3C9B6}.TDS|Any CPU.ActiveCfg = TDS|Any CPU
		{AB079BC5-B325-4EFD-BD5A-403CC9E3C9B6}.TDS|Any CPU.Build.0 = TDS|Any CPU
		{564742F9-87D5-403E-9755-9ACC7588C3DC}.Debug|Any CPU.ActiveCfg = Debug|Any CPU
		{564742F9-87D5-403E-9755-9ACC7588C3DC}.Debug|Any CPU.Build.0 = Debug|Any CPU
		{564742F9-87D5-403E-9755-9ACC7588C3DC}.Release|Any CPU.ActiveCfg = Release|Any CPU
		{564742F9-87D5-403E-9755-9ACC7588C3DC}.Release|Any CPU.Build.0 = Release|Any CPU
		{564742F9-87D5-403E-9755-9ACC7588C3DC}.TDS|Any CPU.ActiveCfg = TDS|Any CPU
		{564742F9-87D5-403E-9755-9ACC7588C3DC}.TDS|Any CPU.Build.0 = TDS|Any CPU
		{6C2FC3AC-D6E2-4AC8-84F6-B04B194668EA}.Debug|Any CPU.ActiveCfg = Debug|Any CPU
		{6C2FC3AC-D6E2-4AC8-84F6-B04B194668EA}.Debug|Any CPU.Build.0 = Debug|Any CPU
		{6C2FC3AC-D6E2-4AC8-84F6-B04B194668EA}.Release|Any CPU.ActiveCfg = Release|Any CPU
		{6C2FC3AC-D6E2-4AC8-84F6-B04B194668EA}.Release|Any CPU.Build.0 = Release|Any CPU
		{6C2FC3AC-D6E2-4AC8-84F6-B04B194668EA}.TDS|Any CPU.ActiveCfg = TDS|Any CPU
		{6C2FC3AC-D6E2-4AC8-84F6-B04B194668EA}.TDS|Any CPU.Build.0 = TDS|Any CPU
		{7869A00B-99FA-4AB1-BF70-BB3DB965DC32}.Debug|Any CPU.ActiveCfg = Debug|Any CPU
		{7869A00B-99FA-4AB1-BF70-BB3DB965DC32}.Debug|Any CPU.Build.0 = Debug|Any CPU
		{7869A00B-99FA-4AB1-BF70-BB3DB965DC32}.Release|Any CPU.ActiveCfg = Release|Any CPU
		{7869A00B-99FA-4AB1-BF70-BB3DB965DC32}.Release|Any CPU.Build.0 = Release|Any CPU
		{7869A00B-99FA-4AB1-BF70-BB3DB965DC32}.TDS|Any CPU.ActiveCfg = TDS|Any CPU
		{7869A00B-99FA-4AB1-BF70-BB3DB965DC32}.TDS|Any CPU.Build.0 = TDS|Any CPU
		{2037C393-AC22-4F99-9232-D3969F7B8A67}.Debug|Any CPU.ActiveCfg = Debug|Any CPU
		{2037C393-AC22-4F99-9232-D3969F7B8A67}.Debug|Any CPU.Build.0 = Debug|Any CPU
		{2037C393-AC22-4F99-9232-D3969F7B8A67}.Release|Any CPU.ActiveCfg = Release|Any CPU
		{2037C393-AC22-4F99-9232-D3969F7B8A67}.Release|Any CPU.Build.0 = Release|Any CPU
		{2037C393-AC22-4F99-9232-D3969F7B8A67}.TDS|Any CPU.ActiveCfg = TDS|Any CPU
		{2037C393-AC22-4F99-9232-D3969F7B8A67}.TDS|Any CPU.Build.0 = TDS|Any CPU
		{2683AB79-1BB6-4461-A392-41C2D0DA8848}.Debug|Any CPU.ActiveCfg = Debug|Any CPU
		{2683AB79-1BB6-4461-A392-41C2D0DA8848}.Debug|Any CPU.Build.0 = Debug|Any CPU
		{2683AB79-1BB6-4461-A392-41C2D0DA8848}.Release|Any CPU.ActiveCfg = Release|Any CPU
		{2683AB79-1BB6-4461-A392-41C2D0DA8848}.Release|Any CPU.Build.0 = Release|Any CPU
		{2683AB79-1BB6-4461-A392-41C2D0DA8848}.TDS|Any CPU.ActiveCfg = TDS|Any CPU
		{2683AB79-1BB6-4461-A392-41C2D0DA8848}.TDS|Any CPU.Build.0 = TDS|Any CPU
		{36653DAE-34A5-4A98-AD08-36630B1F1D92}.Debug|Any CPU.ActiveCfg = Debug|Any CPU
		{36653DAE-34A5-4A98-AD08-36630B1F1D92}.Debug|Any CPU.Build.0 = Debug|Any CPU
		{36653DAE-34A5-4A98-AD08-36630B1F1D92}.Release|Any CPU.ActiveCfg = Release|Any CPU
		{36653DAE-34A5-4A98-AD08-36630B1F1D92}.Release|Any CPU.Build.0 = Release|Any CPU
		{36653DAE-34A5-4A98-AD08-36630B1F1D92}.TDS|Any CPU.ActiveCfg = TDS|Any CPU
		{36653DAE-34A5-4A98-AD08-36630B1F1D92}.TDS|Any CPU.Build.0 = TDS|Any CPU
		{CF130610-BF80-483E-8CA4-FF93732B0E2B}.Debug|Any CPU.ActiveCfg = Debug|Any CPU
		{CF130610-BF80-483E-8CA4-FF93732B0E2B}.Debug|Any CPU.Build.0 = Debug|Any CPU
		{CF130610-BF80-483E-8CA4-FF93732B0E2B}.Release|Any CPU.ActiveCfg = Release|Any CPU
		{CF130610-BF80-483E-8CA4-FF93732B0E2B}.Release|Any CPU.Build.0 = Release|Any CPU
		{CF130610-BF80-483E-8CA4-FF93732B0E2B}.TDS|Any CPU.ActiveCfg = TDS|Any CPU
		{CF130610-BF80-483E-8CA4-FF93732B0E2B}.TDS|Any CPU.Build.0 = TDS|Any CPU
		{6E08B093-7450-42A1-B771-40B4FDB7C807}.Debug|Any CPU.ActiveCfg = Debug|Any CPU
		{6E08B093-7450-42A1-B771-40B4FDB7C807}.Debug|Any CPU.Build.0 = Debug|Any CPU
		{6E08B093-7450-42A1-B771-40B4FDB7C807}.Release|Any CPU.ActiveCfg = Release|Any CPU
		{6E08B093-7450-42A1-B771-40B4FDB7C807}.Release|Any CPU.Build.0 = Release|Any CPU
		{6E08B093-7450-42A1-B771-40B4FDB7C807}.TDS|Any CPU.ActiveCfg = TDS|Any CPU
		{6E08B093-7450-42A1-B771-40B4FDB7C807}.TDS|Any CPU.Build.0 = TDS|Any CPU
		{E956FBE4-82DE-4A59-8E75-C4E581F410CD}.Debug|Any CPU.ActiveCfg = Debug|Any CPU
		{E956FBE4-82DE-4A59-8E75-C4E581F410CD}.Debug|Any CPU.Build.0 = Debug|Any CPU
		{E956FBE4-82DE-4A59-8E75-C4E581F410CD}.Release|Any CPU.ActiveCfg = Release|Any CPU
		{E956FBE4-82DE-4A59-8E75-C4E581F410CD}.Release|Any CPU.Build.0 = Release|Any CPU
		{E956FBE4-82DE-4A59-8E75-C4E581F410CD}.TDS|Any CPU.ActiveCfg = TDS|Any CPU
		{E956FBE4-82DE-4A59-8E75-C4E581F410CD}.TDS|Any CPU.Build.0 = TDS|Any CPU
	EndGlobalSection
	GlobalSection(SolutionProperties) = preSolution
		HideSolutionNode = FALSE
	EndGlobalSection
	GlobalSection(NestedProjects) = preSolution
		{7A3E8A43-1E1A-4604-BDB3-A0969DCF0633} = {0B2E773C-5731-4FEC-90DC-33B30FC8B607}
		{FA1EEE78-E6D6-4B63-A126-5F470624EFEE} = {7A3E8A43-1E1A-4604-BDB3-A0969DCF0633}
		{4200ED27-6B04-452B-B83A-F17E40010947} = {0B2E773C-5731-4FEC-90DC-33B30FC8B607}
		{AB079BC5-B325-4EFD-BD5A-403CC9E3C9B6} = {4200ED27-6B04-452B-B83A-F17E40010947}
		{3E338DCF-B407-4693-96EB-561C4221E035} = {0B2E773C-5731-4FEC-90DC-33B30FC8B607}
		{564742F9-87D5-403E-9755-9ACC7588C3DC} = {3E338DCF-B407-4693-96EB-561C4221E035}
		{CCE42B3A-F017-4C1F-88B8-FA16917E528B} = {0B2E773C-5731-4FEC-90DC-33B30FC8B607}
		{6C2FC3AC-D6E2-4AC8-84F6-B04B194668EA} = {CCE42B3A-F017-4C1F-88B8-FA16917E528B}
		{E068765A-F0B8-489E-92C8-E3763A9C1C4D} = {BD543A8D-9B45-48EC-A157-C58E062B11E0}
		{7869A00B-99FA-4AB1-BF70-BB3DB965DC32} = {E068765A-F0B8-489E-92C8-E3763A9C1C4D}
		{0B7747FA-73ED-496C-870A-A2C0FA5EEEB1} = {BD543A8D-9B45-48EC-A157-C58E062B11E0}
		{2037C393-AC22-4F99-9232-D3969F7B8A67} = {0B7747FA-73ED-496C-870A-A2C0FA5EEEB1}
		{1554F789-2D83-4422-9459-BD9AE724315A} = {BD543A8D-9B45-48EC-A157-C58E062B11E0}
		{2683AB79-1BB6-4461-A392-41C2D0DA8848} = {1554F789-2D83-4422-9459-BD9AE724315A}
		{ABDF67F3-EAEB-43F7-A539-3F676B948E2A} = {BD543A8D-9B45-48EC-A157-C58E062B11E0}
		{36653DAE-34A5-4A98-AD08-36630B1F1D92} = {ABDF67F3-EAEB-43F7-A539-3F676B948E2A}
		{8D2FD687-527B-48F7-9ABD-AB2E22CD1DD7} = {BD543A8D-9B45-48EC-A157-C58E062B11E0}
		{CF130610-BF80-483E-8CA4-FF93732B0E2B} = {8D2FD687-527B-48F7-9ABD-AB2E22CD1DD7}
		{6843E0FE-7E9A-4F3B-9D7E-6CFEB7DC8EFB} = {161E5209-B3AA-4E57-8493-081E0640D85E}
		{6E08B093-7450-42A1-B771-40B4FDB7C807} = {6843E0FE-7E9A-4F3B-9D7E-6CFEB7DC8EFB}
		{83212AF7-EE84-457B-BE60-6EBC93B375EE} = {161E5209-B3AA-4E57-8493-081E0640D85E}
		{E956FBE4-82DE-4A59-8E75-C4E581F410CD} = {83212AF7-EE84-457B-BE60-6EBC93B375EE}
	EndGlobalSection
	GlobalSection(ExtensibilityGlobals) = postSolution
		SolutionGuid = {9D74474F-F557-4604-A5AE-521120D99CD3}
		EnterpriseLibraryConfigurationToolBinariesPathV6 = packages\EnterpriseLibrary.Common.6.0.1304.0\lib\NET45;packages\EnterpriseLibrary.TransientFaultHandling.6.0.1304.0\lib\portable-net45+win+wp8;packages\EnterpriseLibrary.TransientFaultHandling.Caching.6.0.1304.0\lib\NET45;packages\EnterpriseLibrary.TransientFaultHandling.Data.6.0.1304.1\lib\NET45;packages\EnterpriseLibrary.TransientFaultHandling.ServiceBus.6.0.1304.0\lib\NET45;packages\EnterpriseLibrary.TransientFaultHandling.WindowsAzure.Storage.6.0.1304.0\lib\NET45;packages\EnterpriseLibrary.TransientFaultHandling.Configuration.6.0.1304.0\lib\NET45
	EndGlobalSection
EndGlobal
