Microsoft Visual Studio Solution File, Format Version 12.00
# Visual Studio 15
VisualStudioVersion = 15.0.28307.421
MinimumVisualStudioVersion = 10.0.40219.1
Project("{2150E333-8FDC-42A3-9474-1A3956D46DE8}") = "DI", "DI", "{0CDFD372-14FB-4482-ACAA-3BDE0728D5E9}"
EndProject
Project("{FAE04EC0-301F-11D3-BF4B-00C04F79EFBC}") = "Mirabeau.Foundation.DI", "src\Foundation\DI\code\Mirabeau.Foundation.DI.csproj", "{056CF320-286A-4E31-80A6-C6C10C5B0A2E}"
EndProject
Project("{2150E333-8FDC-42A3-9474-1A3956D46DE8}") = "EmployeeBenefits", "EmployeeBenefits", "{F69BB95A-25BE-427E-B183-E439C30AFE2C}"
EndProject
Project("{FAE04EC0-301F-11D3-BF4B-00C04F79EFBC}") = "AXA.Project.EmployeeBenefits", "src\Project\EmployeeBenefits\code\AXA.Project.EmployeeBenefits.csproj", "{8CA43536-35D6-45BF-8CAD-B1A26105A44C}"
EndProject
Project("{2150E333-8FDC-42A3-9474-1A3956D46DE8}") = "Common", "Common", "{7B51CBCF-B677-4EE4-AFB2-81BEAB3E60CE}"
EndProject
Project("{FAE04EC0-301F-11D3-BF4B-00C04F79EFBC}") = "AXA.Project.Common", "src\Project\Common\code\AXA.Project.Common.csproj", "{161C9F23-5D1E-49C5-B17F-F383BD3981C9}"
EndProject
Project("{2150E333-8FDC-42A3-9474-1A3956D46DE8}") = "Search", "Search", "{29D3D01A-A8C2-4FF1-8F2B-9F2CA0EB3375}"
EndProject
Project("{FAE04EC0-301F-11D3-BF4B-00C04F79EFBC}") = "Mirabeau.Feature.Search", "src\Feature\Search\code\Mirabeau.Feature.Search.csproj", "{5DD4A137-C320-41A3-A5B2-9D8083F0A101}"
EndProject
Project("{2150E333-8FDC-42A3-9474-1A3956D46DE8}") = "Navigation", "Navigation", "{8D77F8E1-F366-4D02-9526-A20428EF03D0}"
EndProject
Project("{FAE04EC0-301F-11D3-BF4B-00C04F79EFBC}") = "Mirabeau.Feature.Navigation", "src\Feature\Navigation\code\Mirabeau.Feature.Navigation.csproj", "{8E478825-6F0A-40EE-A4EB-A4EFB1991BDE}"
EndProject
Project("{2150E333-8FDC-42A3-9474-1A3956D46DE8}") = "Articles", "Articles", "{37E3ADEE-4E02-4675-9531-F4D90850D618}"
EndProject
Project("{FAE04EC0-301F-11D3-BF4B-00C04F79EFBC}") = "Mirabeau.Feature.Articles", "src\Feature\Articles\code\Mirabeau.Feature.Articles.csproj", "{3DC3F7FB-BC39-42E7-849B-BB8A2BC298E7}"
EndProject
Project("{2150E333-8FDC-42A3-9474-1A3956D46DE8}") = "Indexing", "Indexing", "{B64499DD-9A70-45A9-80D3-26540807E9F6}"
EndProject
Project("{FAE04EC0-301F-11D3-BF4B-00C04F79EFBC}") = "Mirabeau.Foundation.Indexing", "src\Foundation\Indexing\code\Mirabeau.Foundation.Indexing.csproj", "{88767756-04FD-4EAB-A034-99C3AD345133}"
EndProject
Project("{2150E333-8FDC-42A3-9474-1A3956D46DE8}") = "Extensions", "Extensions", "{C82469CB-9651-478B-8DD3-14A9947BE49A}"
EndProject
Project("{FAE04EC0-301F-11D3-BF4B-00C04F79EFBC}") = "Mirabeau.Foundation.Extensions", "src\Foundation\Extensions\code\Mirabeau.Foundation.Extensions.csproj", "{4BA2B715-F7EE-4CD7-8D24-58ABD58AD773}"
EndProject
Project("{2150E333-8FDC-42A3-9474-1A3956D46DE8}") = "Serialization", "Serialization", "{A99091B0-A166-4529-886B-C95098AA66EB}"
EndProject
Project("{FAE04EC0-301F-11D3-BF4B-00C04F79EFBC}") = "Mirabeau.Foundation.Serialization", "src\Foundation\Serialization\code\Mirabeau.Foundation.Serialization.csproj", "{355E8C69-BB46-4DF9-8895-97994C844B80}"
EndProject
Project("{2150E333-8FDC-42A3-9474-1A3956D46DE8}") = "Project", "Project", "{161E5209-B3AA-4E57-8493-081E0640D85E}"
EndProject
Project("{2150E333-8FDC-42A3-9474-1A3956D46DE8}") = "Feature", "Feature", "{BD543A8D-9B45-48EC-A157-C58E062B11E0}"
EndProject
Project("{2150E333-8FDC-42A3-9474-1A3956D46DE8}") = "Foundation", "Foundation", "{0B2E773C-5731-4FEC-90DC-33B30FC8B607}"
EndProject
Project("{2150E333-8FDC-42A3-9474-1A3956D46DE8}") = "Configuration", "Configuration", "{269D452F-F1AF-455C-9929-B72DAF986337}"
	ProjectSection(SolutionItems) = preProject
		build.cake = build.cake
		cake-config.json = cake-config.json
		nuget.config = nuget.config
	EndProjectSection
EndProject
Project("{2150E333-8FDC-42A3-9474-1A3956D46DE8}") = "Metadata", "Metadata", "{AC534920-19BE-4D10-98E3-0F15B96BBEF0}"
EndProject
Project("{FAE04EC0-301F-11D3-BF4B-00C04F79EFBC}") = "Mirabeau.Feature.Metadata", "src\Feature\Metadata\code\Mirabeau.Feature.Metadata.csproj", "{68348C65-3E17-482E-98F1-0E481290614F}"
EndProject
Global
	GlobalSection(SolutionConfigurationPlatforms) = preSolution
		always|Any CPU = always|Any CPU
		always|x64 = always|x64
		ci|Any CPU = ci|Any CPU
		ci|x64 = ci|x64
		Debug|Any CPU = Debug|Any CPU
		Debug|x64 = Debug|x64
		Release|Any CPU = Release|Any CPU
		Release|x64 = Release|x64
	EndGlobalSection
	GlobalSection(ProjectConfigurationPlatforms) = postSolution
		{056CF320-286A-4E31-80A6-C6C10C5B0A2E}.always|Any CPU.ActiveCfg = always|Any CPU
		{056CF320-286A-4E31-80A6-C6C10C5B0A2E}.always|Any CPU.Build.0 = always|Any CPU
		{056CF320-286A-4E31-80A6-C6C10C5B0A2E}.always|x64.ActiveCfg = always|x64
		{056CF320-286A-4E31-80A6-C6C10C5B0A2E}.always|x64.Build.0 = always|x64
		{056CF320-286A-4E31-80A6-C6C10C5B0A2E}.ci|Any CPU.ActiveCfg = ci|Any CPU
		{056CF320-286A-4E31-80A6-C6C10C5B0A2E}.ci|Any CPU.Build.0 = ci|Any CPU
		{056CF320-286A-4E31-80A6-C6C10C5B0A2E}.ci|x64.ActiveCfg = ci|x64
		{056CF320-286A-4E31-80A6-C6C10C5B0A2E}.ci|x64.Build.0 = ci|x64
		{056CF320-286A-4E31-80A6-C6C10C5B0A2E}.Debug|Any CPU.ActiveCfg = Debug|Any CPU
		{056CF320-286A-4E31-80A6-C6C10C5B0A2E}.Debug|Any CPU.Build.0 = Debug|Any CPU
		{056CF320-286A-4E31-80A6-C6C10C5B0A2E}.Debug|x64.ActiveCfg = Debug|x64
		{056CF320-286A-4E31-80A6-C6C10C5B0A2E}.Debug|x64.Build.0 = Debug|x64
		{056CF320-286A-4E31-80A6-C6C10C5B0A2E}.Release|Any CPU.ActiveCfg = Release|Any CPU
		{056CF320-286A-4E31-80A6-C6C10C5B0A2E}.Release|Any CPU.Build.0 = Release|Any CPU
		{056CF320-286A-4E31-80A6-C6C10C5B0A2E}.Release|x64.ActiveCfg = Release|x64
		{056CF320-286A-4E31-80A6-C6C10C5B0A2E}.Release|x64.Build.0 = Release|x64
		{8CA43536-35D6-45BF-8CAD-B1A26105A44C}.always|Any CPU.ActiveCfg = always|Any CPU
		{8CA43536-35D6-45BF-8CAD-B1A26105A44C}.always|Any CPU.Build.0 = always|Any CPU
		{8CA43536-35D6-45BF-8CAD-B1A26105A44C}.always|x64.ActiveCfg = always|x64
		{8CA43536-35D6-45BF-8CAD-B1A26105A44C}.always|x64.Build.0 = always|x64
		{8CA43536-35D6-45BF-8CAD-B1A26105A44C}.ci|Any CPU.ActiveCfg = ci|Any CPU
		{8CA43536-35D6-45BF-8CAD-B1A26105A44C}.ci|Any CPU.Build.0 = ci|Any CPU
		{8CA43536-35D6-45BF-8CAD-B1A26105A44C}.ci|x64.ActiveCfg = ci|x64
		{8CA43536-35D6-45BF-8CAD-B1A26105A44C}.ci|x64.Build.0 = ci|x64
		{8CA43536-35D6-45BF-8CAD-B1A26105A44C}.Debug|Any CPU.ActiveCfg = Debug|Any CPU
		{8CA43536-35D6-45BF-8CAD-B1A26105A44C}.Debug|Any CPU.Build.0 = Debug|Any CPU
		{8CA43536-35D6-45BF-8CAD-B1A26105A44C}.Debug|x64.ActiveCfg = Debug|x64
		{8CA43536-35D6-45BF-8CAD-B1A26105A44C}.Debug|x64.Build.0 = Debug|x64
		{8CA43536-35D6-45BF-8CAD-B1A26105A44C}.Release|Any CPU.ActiveCfg = Release|Any CPU
		{8CA43536-35D6-45BF-8CAD-B1A26105A44C}.Release|Any CPU.Build.0 = Release|Any CPU
		{8CA43536-35D6-45BF-8CAD-B1A26105A44C}.Release|x64.ActiveCfg = Release|x64
		{8CA43536-35D6-45BF-8CAD-B1A26105A44C}.Release|x64.Build.0 = Release|x64
		{161C9F23-5D1E-49C5-B17F-F383BD3981C9}.always|Any CPU.ActiveCfg = always|Any CPU
		{161C9F23-5D1E-49C5-B17F-F383BD3981C9}.always|Any CPU.Build.0 = always|Any CPU
		{161C9F23-5D1E-49C5-B17F-F383BD3981C9}.always|x64.ActiveCfg = always|x64
		{161C9F23-5D1E-49C5-B17F-F383BD3981C9}.always|x64.Build.0 = always|x64
		{161C9F23-5D1E-49C5-B17F-F383BD3981C9}.ci|Any CPU.ActiveCfg = ci|Any CPU
		{161C9F23-5D1E-49C5-B17F-F383BD3981C9}.ci|Any CPU.Build.0 = ci|Any CPU
		{161C9F23-5D1E-49C5-B17F-F383BD3981C9}.ci|x64.ActiveCfg = ci|x64
		{161C9F23-5D1E-49C5-B17F-F383BD3981C9}.ci|x64.Build.0 = ci|x64
		{161C9F23-5D1E-49C5-B17F-F383BD3981C9}.Debug|Any CPU.ActiveCfg = Debug|Any CPU
		{161C9F23-5D1E-49C5-B17F-F383BD3981C9}.Debug|Any CPU.Build.0 = Debug|Any CPU
		{161C9F23-5D1E-49C5-B17F-F383BD3981C9}.Debug|x64.ActiveCfg = Debug|x64
		{161C9F23-5D1E-49C5-B17F-F383BD3981C9}.Debug|x64.Build.0 = Debug|x64
		{161C9F23-5D1E-49C5-B17F-F383BD3981C9}.Release|Any CPU.ActiveCfg = Release|Any CPU
		{161C9F23-5D1E-49C5-B17F-F383BD3981C9}.Release|Any CPU.Build.0 = Release|Any CPU
		{161C9F23-5D1E-49C5-B17F-F383BD3981C9}.Release|x64.ActiveCfg = Release|x64
		{161C9F23-5D1E-49C5-B17F-F383BD3981C9}.Release|x64.Build.0 = Release|x64
		{5DD4A137-C320-41A3-A5B2-9D8083F0A101}.always|Any CPU.ActiveCfg = always|Any CPU
		{5DD4A137-C320-41A3-A5B2-9D8083F0A101}.always|Any CPU.Build.0 = always|Any CPU
		{5DD4A137-C320-41A3-A5B2-9D8083F0A101}.always|x64.ActiveCfg = always|x64
		{5DD4A137-C320-41A3-A5B2-9D8083F0A101}.always|x64.Build.0 = always|x64
		{5DD4A137-C320-41A3-A5B2-9D8083F0A101}.ci|Any CPU.ActiveCfg = ci|Any CPU
		{5DD4A137-C320-41A3-A5B2-9D8083F0A101}.ci|Any CPU.Build.0 = ci|Any CPU
		{5DD4A137-C320-41A3-A5B2-9D8083F0A101}.ci|x64.ActiveCfg = ci|x64
		{5DD4A137-C320-41A3-A5B2-9D8083F0A101}.ci|x64.Build.0 = ci|x64
		{5DD4A137-C320-41A3-A5B2-9D8083F0A101}.Debug|Any CPU.ActiveCfg = Debug|Any CPU
		{5DD4A137-C320-41A3-A5B2-9D8083F0A101}.Debug|Any CPU.Build.0 = Debug|Any CPU
		{5DD4A137-C320-41A3-A5B2-9D8083F0A101}.Debug|x64.ActiveCfg = Debug|x64
		{5DD4A137-C320-41A3-A5B2-9D8083F0A101}.Debug|x64.Build.0 = Debug|x64
		{5DD4A137-C320-41A3-A5B2-9D8083F0A101}.Release|Any CPU.ActiveCfg = Release|Any CPU
		{5DD4A137-C320-41A3-A5B2-9D8083F0A101}.Release|Any CPU.Build.0 = Release|Any CPU
		{5DD4A137-C320-41A3-A5B2-9D8083F0A101}.Release|x64.ActiveCfg = Release|x64
		{5DD4A137-C320-41A3-A5B2-9D8083F0A101}.Release|x64.Build.0 = Release|x64
		{8E478825-6F0A-40EE-A4EB-A4EFB1991BDE}.always|Any CPU.ActiveCfg = always|Any CPU
		{8E478825-6F0A-40EE-A4EB-A4EFB1991BDE}.always|Any CPU.Build.0 = always|Any CPU
		{8E478825-6F0A-40EE-A4EB-A4EFB1991BDE}.always|x64.ActiveCfg = always|x64
		{8E478825-6F0A-40EE-A4EB-A4EFB1991BDE}.always|x64.Build.0 = always|x64
		{8E478825-6F0A-40EE-A4EB-A4EFB1991BDE}.ci|Any CPU.ActiveCfg = ci|Any CPU
		{8E478825-6F0A-40EE-A4EB-A4EFB1991BDE}.ci|Any CPU.Build.0 = ci|Any CPU
		{8E478825-6F0A-40EE-A4EB-A4EFB1991BDE}.ci|x64.ActiveCfg = ci|x64
		{8E478825-6F0A-40EE-A4EB-A4EFB1991BDE}.ci|x64.Build.0 = ci|x64
		{8E478825-6F0A-40EE-A4EB-A4EFB1991BDE}.Debug|Any CPU.ActiveCfg = Debug|Any CPU
		{8E478825-6F0A-40EE-A4EB-A4EFB1991BDE}.Debug|Any CPU.Build.0 = Debug|Any CPU
		{8E478825-6F0A-40EE-A4EB-A4EFB1991BDE}.Debug|x64.ActiveCfg = Debug|x64
		{8E478825-6F0A-40EE-A4EB-A4EFB1991BDE}.Debug|x64.Build.0 = Debug|x64
		{8E478825-6F0A-40EE-A4EB-A4EFB1991BDE}.Release|Any CPU.ActiveCfg = Release|Any CPU
		{8E478825-6F0A-40EE-A4EB-A4EFB1991BDE}.Release|Any CPU.Build.0 = Release|Any CPU
		{8E478825-6F0A-40EE-A4EB-A4EFB1991BDE}.Release|x64.ActiveCfg = Release|x64
		{8E478825-6F0A-40EE-A4EB-A4EFB1991BDE}.Release|x64.Build.0 = Release|x64
		{3DC3F7FB-BC39-42E7-849B-BB8A2BC298E7}.always|Any CPU.ActiveCfg = always|Any CPU
		{3DC3F7FB-BC39-42E7-849B-BB8A2BC298E7}.always|Any CPU.Build.0 = always|Any CPU
		{3DC3F7FB-BC39-42E7-849B-BB8A2BC298E7}.always|x64.ActiveCfg = always|x64
		{3DC3F7FB-BC39-42E7-849B-BB8A2BC298E7}.always|x64.Build.0 = always|x64
		{3DC3F7FB-BC39-42E7-849B-BB8A2BC298E7}.ci|Any CPU.ActiveCfg = ci|Any CPU
		{3DC3F7FB-BC39-42E7-849B-BB8A2BC298E7}.ci|Any CPU.Build.0 = ci|Any CPU
		{3DC3F7FB-BC39-42E7-849B-BB8A2BC298E7}.ci|x64.ActiveCfg = ci|x64
		{3DC3F7FB-BC39-42E7-849B-BB8A2BC298E7}.ci|x64.Build.0 = ci|x64
		{3DC3F7FB-BC39-42E7-849B-BB8A2BC298E7}.Debug|Any CPU.ActiveCfg = Debug|Any CPU
		{3DC3F7FB-BC39-42E7-849B-BB8A2BC298E7}.Debug|Any CPU.Build.0 = Debug|Any CPU
		{3DC3F7FB-BC39-42E7-849B-BB8A2BC298E7}.Debug|x64.ActiveCfg = Debug|x64
		{3DC3F7FB-BC39-42E7-849B-BB8A2BC298E7}.Debug|x64.Build.0 = Debug|x64
		{3DC3F7FB-BC39-42E7-849B-BB8A2BC298E7}.Release|Any CPU.ActiveCfg = Release|Any CPU
		{3DC3F7FB-BC39-42E7-849B-BB8A2BC298E7}.Release|Any CPU.Build.0 = Release|Any CPU
		{3DC3F7FB-BC39-42E7-849B-BB8A2BC298E7}.Release|x64.ActiveCfg = Release|x64
		{3DC3F7FB-BC39-42E7-849B-BB8A2BC298E7}.Release|x64.Build.0 = Release|x64
		{88767756-04FD-4EAB-A034-99C3AD345133}.always|Any CPU.ActiveCfg = always|Any CPU
		{88767756-04FD-4EAB-A034-99C3AD345133}.always|Any CPU.Build.0 = always|Any CPU
		{88767756-04FD-4EAB-A034-99C3AD345133}.always|x64.ActiveCfg = always|x64
		{88767756-04FD-4EAB-A034-99C3AD345133}.always|x64.Build.0 = always|x64
		{88767756-04FD-4EAB-A034-99C3AD345133}.ci|Any CPU.ActiveCfg = ci|Any CPU
		{88767756-04FD-4EAB-A034-99C3AD345133}.ci|Any CPU.Build.0 = ci|Any CPU
		{88767756-04FD-4EAB-A034-99C3AD345133}.ci|x64.ActiveCfg = ci|x64
		{88767756-04FD-4EAB-A034-99C3AD345133}.ci|x64.Build.0 = ci|x64
		{88767756-04FD-4EAB-A034-99C3AD345133}.Debug|Any CPU.ActiveCfg = Debug|Any CPU
		{88767756-04FD-4EAB-A034-99C3AD345133}.Debug|Any CPU.Build.0 = Debug|Any CPU
		{88767756-04FD-4EAB-A034-99C3AD345133}.Debug|x64.ActiveCfg = Debug|x64
		{88767756-04FD-4EAB-A034-99C3AD345133}.Debug|x64.Build.0 = Debug|x64
		{88767756-04FD-4EAB-A034-99C3AD345133}.Release|Any CPU.ActiveCfg = Release|Any CPU
		{88767756-04FD-4EAB-A034-99C3AD345133}.Release|Any CPU.Build.0 = Release|Any CPU
		{88767756-04FD-4EAB-A034-99C3AD345133}.Release|x64.ActiveCfg = Release|x64
		{88767756-04FD-4EAB-A034-99C3AD345133}.Release|x64.Build.0 = Release|x64
		{4BA2B715-F7EE-4CD7-8D24-58ABD58AD773}.always|Any CPU.ActiveCfg = always|Any CPU
		{4BA2B715-F7EE-4CD7-8D24-58ABD58AD773}.always|Any CPU.Build.0 = always|Any CPU
		{4BA2B715-F7EE-4CD7-8D24-58ABD58AD773}.always|x64.ActiveCfg = always|x64
		{4BA2B715-F7EE-4CD7-8D24-58ABD58AD773}.always|x64.Build.0 = always|x64
		{4BA2B715-F7EE-4CD7-8D24-58ABD58AD773}.ci|Any CPU.ActiveCfg = ci|Any CPU
		{4BA2B715-F7EE-4CD7-8D24-58ABD58AD773}.ci|Any CPU.Build.0 = ci|Any CPU
		{4BA2B715-F7EE-4CD7-8D24-58ABD58AD773}.ci|x64.ActiveCfg = ci|x64
		{4BA2B715-F7EE-4CD7-8D24-58ABD58AD773}.ci|x64.Build.0 = ci|x64
		{4BA2B715-F7EE-4CD7-8D24-58ABD58AD773}.Debug|Any CPU.ActiveCfg = Debug|Any CPU
		{4BA2B715-F7EE-4CD7-8D24-58ABD58AD773}.Debug|Any CPU.Build.0 = Debug|Any CPU
		{4BA2B715-F7EE-4CD7-8D24-58ABD58AD773}.Debug|x64.ActiveCfg = Debug|x64
		{4BA2B715-F7EE-4CD7-8D24-58ABD58AD773}.Debug|x64.Build.0 = Debug|x64
		{4BA2B715-F7EE-4CD7-8D24-58ABD58AD773}.Release|Any CPU.ActiveCfg = Release|Any CPU
		{4BA2B715-F7EE-4CD7-8D24-58ABD58AD773}.Release|Any CPU.Build.0 = Release|Any CPU
		{4BA2B715-F7EE-4CD7-8D24-58ABD58AD773}.Release|x64.ActiveCfg = Release|x64
		{4BA2B715-F7EE-4CD7-8D24-58ABD58AD773}.Release|x64.Build.0 = Release|x64
		{355E8C69-BB46-4DF9-8895-97994C844B80}.always|Any CPU.ActiveCfg = always|Any CPU
		{355E8C69-BB46-4DF9-8895-97994C844B80}.always|Any CPU.Build.0 = always|Any CPU
		{355E8C69-BB46-4DF9-8895-97994C844B80}.always|x64.ActiveCfg = always|x64
		{355E8C69-BB46-4DF9-8895-97994C844B80}.always|x64.Build.0 = always|x64
		{355E8C69-BB46-4DF9-8895-97994C844B80}.ci|Any CPU.ActiveCfg = ci|Any CPU
		{355E8C69-BB46-4DF9-8895-97994C844B80}.ci|Any CPU.Build.0 = ci|Any CPU
		{355E8C69-BB46-4DF9-8895-97994C844B80}.ci|x64.ActiveCfg = ci|x64
		{355E8C69-BB46-4DF9-8895-97994C844B80}.ci|x64.Build.0 = ci|x64
		{355E8C69-BB46-4DF9-8895-97994C844B80}.Debug|Any CPU.ActiveCfg = Debug|Any CPU
		{355E8C69-BB46-4DF9-8895-97994C844B80}.Debug|Any CPU.Build.0 = Debug|Any CPU
		{355E8C69-BB46-4DF9-8895-97994C844B80}.Debug|x64.ActiveCfg = Debug|x64
		{355E8C69-BB46-4DF9-8895-97994C844B80}.Debug|x64.Build.0 = Debug|x64
		{355E8C69-BB46-4DF9-8895-97994C844B80}.Release|Any CPU.ActiveCfg = Release|Any CPU
		{355E8C69-BB46-4DF9-8895-97994C844B80}.Release|Any CPU.Build.0 = Release|Any CPU
		{355E8C69-BB46-4DF9-8895-97994C844B80}.Release|x64.ActiveCfg = Release|x64
		{355E8C69-BB46-4DF9-8895-97994C844B80}.Release|x64.Build.0 = Release|x64
		{68348C65-3E17-482E-98F1-0E481290614F}.always|Any CPU.ActiveCfg = always|Any CPU
		{68348C65-3E17-482E-98F1-0E481290614F}.always|Any CPU.Build.0 = always|Any CPU
		{68348C65-3E17-482E-98F1-0E481290614F}.always|x64.ActiveCfg = always|x64
		{68348C65-3E17-482E-98F1-0E481290614F}.always|x64.Build.0 = always|x64
		{68348C65-3E17-482E-98F1-0E481290614F}.ci|Any CPU.ActiveCfg = ci|Any CPU
		{68348C65-3E17-482E-98F1-0E481290614F}.ci|Any CPU.Build.0 = ci|Any CPU
		{68348C65-3E17-482E-98F1-0E481290614F}.ci|x64.ActiveCfg = ci|x64
		{68348C65-3E17-482E-98F1-0E481290614F}.ci|x64.Build.0 = ci|x64
		{68348C65-3E17-482E-98F1-0E481290614F}.Debug|Any CPU.ActiveCfg = Debug|Any CPU
		{68348C65-3E17-482E-98F1-0E481290614F}.Debug|Any CPU.Build.0 = Debug|Any CPU
		{68348C65-3E17-482E-98F1-0E481290614F}.Debug|x64.ActiveCfg = Debug|x64
		{68348C65-3E17-482E-98F1-0E481290614F}.Debug|x64.Build.0 = Debug|x64
		{68348C65-3E17-482E-98F1-0E481290614F}.Release|Any CPU.ActiveCfg = Release|Any CPU
		{68348C65-3E17-482E-98F1-0E481290614F}.Release|Any CPU.Build.0 = Release|Any CPU
		{68348C65-3E17-482E-98F1-0E481290614F}.Release|x64.ActiveCfg = Release|x64
		{68348C65-3E17-482E-98F1-0E481290614F}.Release|x64.Build.0 = Release|x64
	EndGlobalSection
	GlobalSection(SolutionProperties) = preSolution
		HideSolutionNode = FALSE
	EndGlobalSection
	GlobalSection(NestedProjects) = preSolution
		{0CDFD372-14FB-4482-ACAA-3BDE0728D5E9} = {0B2E773C-5731-4FEC-90DC-33B30FC8B607}
		{056CF320-286A-4E31-80A6-C6C10C5B0A2E} = {0CDFD372-14FB-4482-ACAA-3BDE0728D5E9}
		{F69BB95A-25BE-427E-B183-E439C30AFE2C} = {161E5209-B3AA-4E57-8493-081E0640D85E}
		{8CA43536-35D6-45BF-8CAD-B1A26105A44C} = {F69BB95A-25BE-427E-B183-E439C30AFE2C}
		{7B51CBCF-B677-4EE4-AFB2-81BEAB3E60CE} = {161E5209-B3AA-4E57-8493-081E0640D85E}
		{161C9F23-5D1E-49C5-B17F-F383BD3981C9} = {7B51CBCF-B677-4EE4-AFB2-81BEAB3E60CE}
		{29D3D01A-A8C2-4FF1-8F2B-9F2CA0EB3375} = {BD543A8D-9B45-48EC-A157-C58E062B11E0}
		{5DD4A137-C320-41A3-A5B2-9D8083F0A101} = {29D3D01A-A8C2-4FF1-8F2B-9F2CA0EB3375}
		{8D77F8E1-F366-4D02-9526-A20428EF03D0} = {BD543A8D-9B45-48EC-A157-C58E062B11E0}
		{8E478825-6F0A-40EE-A4EB-A4EFB1991BDE} = {8D77F8E1-F366-4D02-9526-A20428EF03D0}
		{37E3ADEE-4E02-4675-9531-F4D90850D618} = {BD543A8D-9B45-48EC-A157-C58E062B11E0}
		{3DC3F7FB-BC39-42E7-849B-BB8A2BC298E7} = {37E3ADEE-4E02-4675-9531-F4D90850D618}
		{B64499DD-9A70-45A9-80D3-26540807E9F6} = {0B2E773C-5731-4FEC-90DC-33B30FC8B607}
		{88767756-04FD-4EAB-A034-99C3AD345133} = {B64499DD-9A70-45A9-80D3-26540807E9F6}
		{C82469CB-9651-478B-8DD3-14A9947BE49A} = {0B2E773C-5731-4FEC-90DC-33B30FC8B607}
		{4BA2B715-F7EE-4CD7-8D24-58ABD58AD773} = {C82469CB-9651-478B-8DD3-14A9947BE49A}
		{A99091B0-A166-4529-886B-C95098AA66EB} = {0B2E773C-5731-4FEC-90DC-33B30FC8B607}
		{355E8C69-BB46-4DF9-8895-97994C844B80} = {A99091B0-A166-4529-886B-C95098AA66EB}
		{AC534920-19BE-4D10-98E3-0F15B96BBEF0} = {BD543A8D-9B45-48EC-A157-C58E062B11E0}
		{68348C65-3E17-482E-98F1-0E481290614F} = {AC534920-19BE-4D10-98E3-0F15B96BBEF0}
	EndGlobalSection
	GlobalSection(ExtensibilityGlobals) = postSolution
		SolutionGuid = {9D74474F-F557-4604-A5AE-521120D99CD3}
	EndGlobalSection
EndGlobal
